
Microsoft Visual Studio Solution File, Format Version 12.00
# Visual Studio 15
VisualStudioVersion = 15.0.27004.2009
MinimumVisualStudioVersion = 10.0.40219.1
Project("{FAE04EC0-301F-11D3-BF4B-00C04F79EFBC}") = "Nunitest", "Nunitest\Nunitest.csproj", "{6759A0DE-D581-4CC8-BCF0-65052C330422}"
EndProject
Project("{FAE04EC0-301F-11D3-BF4B-00C04F79EFBC}") = "UnitTestProject1", "UnitTestProject1\UnitTestProject1.csproj", "{0E7AF4EF-9779-4504-9C4D-09C122DF3313}"
EndProject
Global
	GlobalSection(SolutionConfigurationPlatforms) = preSolution
		Debug|Any CPU = Debug|Any CPU
		Release|Any CPU = Release|Any CPU
	EndGlobalSection
	GlobalSection(ProjectConfigurationPlatforms) = postSolution
		{6759A0DE-D581-4CC8-BCF0-65052C330422}.Debug|Any CPU.ActiveCfg = Debug|Any CPU
		{6759A0DE-D581-4CC8-BCF0-65052C330422}.Debug|Any CPU.Build.0 = Debug|Any CPU
		{6759A0DE-D581-4CC8-BCF0-65052C330422}.Release|Any CPU.ActiveCfg = Release|Any CPU
		{6759A0DE-D581-4CC8-BCF0-65052C330422}.Release|Any CPU.Build.0 = Release|Any CPU
		{0E7AF4EF-9779-4504-9C4D-09C122DF3313}.Debug|Any CPU.ActiveCfg = Debug|Any CPU
		{0E7AF4EF-9779-4504-9C4D-09C122DF3313}.Debug|Any CPU.Build.0 = Debug|Any CPU
		{0E7AF4EF-9779-4504-9C4D-09C122DF3313}.Release|Any CPU.ActiveCfg = Release|Any CPU
		{0E7AF4EF-9779-4504-9C4D-09C122DF3313}.Release|Any CPU.Build.0 = Release|Any CPU
	EndGlobalSection
	GlobalSection(SolutionProperties) = preSolution
		HideSolutionNode = FALSE
	EndGlobalSection
	GlobalSection(ExtensibilityGlobals) = postSolution
		SolutionGuid = {EF326905-F552-4806-AB84-CE9E01D10160}
	EndGlobalSection
EndGlobal
