
Microsoft Visual Studio Solution File, Format Version 12.00
# Visual Studio 15
VisualStudioVersion = 15.0.27004.2009
MinimumVisualStudioVersion = 10.0.40219.1
Project("{FAE04EC0-301F-11D3-BF4B-00C04F79EFBC}") = "Fibonacci", "Fibonacci\Fibonacci.csproj", "{F3093589-B539-465F-94EB-53BAFB154AA5}"
EndProject
Global
	GlobalSection(SolutionConfigurationPlatforms) = preSolution
		Debug|Any CPU = Debug|Any CPU
		Release|Any CPU = Release|Any CPU
	EndGlobalSection
	GlobalSection(ProjectConfigurationPlatforms) = postSolution
		{F3093589-B539-465F-94EB-53BAFB154AA5}.Debug|Any CPU.ActiveCfg = Debug|Any CPU
		{F3093589-B539-465F-94EB-53BAFB154AA5}.Debug|Any CPU.Build.0 = Debug|Any CPU
		{F3093589-B539-465F-94EB-53BAFB154AA5}.Release|Any CPU.ActiveCfg = Release|Any CPU
		{F3093589-B539-465F-94EB-53BAFB154AA5}.Release|Any CPU.Build.0 = Release|Any CPU
	EndGlobalSection
	GlobalSection(SolutionProperties) = preSolution
		HideSolutionNode = FALSE
	EndGlobalSection
	GlobalSection(ExtensibilityGlobals) = postSolution
		SolutionGuid = {218C065A-3B16-4EE8-8ECE-25B5868B6AD3}
	EndGlobalSection
EndGlobal
