
Microsoft Visual Studio Solution File, Format Version 12.00
# Visual Studio 15
VisualStudioVersion = 15.0.27130.2036
MinimumVisualStudioVersion = 10.0.40219.1
Project("{FAE04EC0-301F-11D3-BF4B-00C04F79EFBC}") = "14", "14\14.csproj", "{2551D4E1-0260-4A01-A347-A9586F9844A2}"
EndProject
Global
	GlobalSection(SolutionConfigurationPlatforms) = preSolution
		Debug|Any CPU = Debug|Any CPU
		Release|Any CPU = Release|Any CPU
	EndGlobalSection
	GlobalSection(ProjectConfigurationPlatforms) = postSolution
		{2551D4E1-0260-4A01-A347-A9586F9844A2}.Debug|Any CPU.ActiveCfg = Debug|Any CPU
		{2551D4E1-0260-4A01-A347-A9586F9844A2}.Debug|Any CPU.Build.0 = Debug|Any CPU
		{2551D4E1-0260-4A01-A347-A9586F9844A2}.Release|Any CPU.ActiveCfg = Release|Any CPU
		{2551D4E1-0260-4A01-A347-A9586F9844A2}.Release|Any CPU.Build.0 = Release|Any CPU
	EndGlobalSection
	GlobalSection(SolutionProperties) = preSolution
		HideSolutionNode = FALSE
	EndGlobalSection
	GlobalSection(ExtensibilityGlobals) = postSolution
		SolutionGuid = {B9E0C20D-91CA-4408-B72B-6D9AB1C9F464}
	EndGlobalSection
EndGlobal
