
Microsoft Visual Studio Solution File, Format Version 12.00
# Visual Studio 15
VisualStudioVersion = 15.0.27004.2009
MinimumVisualStudioVersion = 10.0.40219.1
Project("{9A19103F-16F7-4668-BE54-9A1E7A4F7556}") = "GreetSomeone", "GreetSomeone\GreetSomeone.csproj", "{7B6ECB45-DF3E-4CB4-805F-8A9FE9862AB4}"
EndProject
Global
	GlobalSection(SolutionConfigurationPlatforms) = preSolution
		Debug|Any CPU = Debug|Any CPU
		Release|Any CPU = Release|Any CPU
	EndGlobalSection
	GlobalSection(ProjectConfigurationPlatforms) = postSolution
		{7B6ECB45-DF3E-4CB4-805F-8A9FE9862AB4}.Debug|Any CPU.ActiveCfg = Debug|Any CPU
		{7B6ECB45-DF3E-4CB4-805F-8A9FE9862AB4}.Debug|Any CPU.Build.0 = Debug|Any CPU
		{7B6ECB45-DF3E-4CB4-805F-8A9FE9862AB4}.Release|Any CPU.ActiveCfg = Release|Any CPU
		{7B6ECB45-DF3E-4CB4-805F-8A9FE9862AB4}.Release|Any CPU.Build.0 = Release|Any CPU
	EndGlobalSection
	GlobalSection(SolutionProperties) = preSolution
		HideSolutionNode = FALSE
	EndGlobalSection
	GlobalSection(ExtensibilityGlobals) = postSolution
		SolutionGuid = {BE17AF05-FE01-4CEA-BCAB-91DC674A5BDA}
	EndGlobalSection
EndGlobal
