
Microsoft Visual Studio Solution File, Format Version 12.00
# Visual Studio 15
VisualStudioVersion = 15.0.27004.2009
MinimumVisualStudioVersion = 10.0.40219.1
Project("{FAE04EC0-301F-11D3-BF4B-00C04F79EFBC}") = "LicensePlacePractice", "LicensePlacePractice\LicensePlacePractice.csproj", "{F164DB27-AE8F-4E9C-B26E-6DF317091597}"
EndProject
Global
	GlobalSection(SolutionConfigurationPlatforms) = preSolution
		Debug|Any CPU = Debug|Any CPU
		Release|Any CPU = Release|Any CPU
	EndGlobalSection
	GlobalSection(ProjectConfigurationPlatforms) = postSolution
		{F164DB27-AE8F-4E9C-B26E-6DF317091597}.Debug|Any CPU.ActiveCfg = Debug|Any CPU
		{F164DB27-AE8F-4E9C-B26E-6DF317091597}.Debug|Any CPU.Build.0 = Debug|Any CPU
		{F164DB27-AE8F-4E9C-B26E-6DF317091597}.Release|Any CPU.ActiveCfg = Release|Any CPU
		{F164DB27-AE8F-4E9C-B26E-6DF317091597}.Release|Any CPU.Build.0 = Release|Any CPU
	EndGlobalSection
	GlobalSection(SolutionProperties) = preSolution
		HideSolutionNode = FALSE
	EndGlobalSection
	GlobalSection(ExtensibilityGlobals) = postSolution
		SolutionGuid = {F4F9DE5A-9B9F-435D-B638-F74796536A07}
	EndGlobalSection
EndGlobal
