
Microsoft Visual Studio Solution File, Format Version 12.00
# Visual Studio 15
VisualStudioVersion = 15.0.27004.2009
MinimumVisualStudioVersion = 10.0.40219.1
Project("{FAE04EC0-301F-11D3-BF4B-00C04F79EFBC}") = "ColoredBox", "ColoredBox\ColoredBox.csproj", "{DDA2D5B8-FFB6-4D3E-8101-2D53ABC689FA}"
EndProject
Global
	GlobalSection(SolutionConfigurationPlatforms) = preSolution
		Debug|Any CPU = Debug|Any CPU
		Release|Any CPU = Release|Any CPU
	EndGlobalSection
	GlobalSection(ProjectConfigurationPlatforms) = postSolution
		{DDA2D5B8-FFB6-4D3E-8101-2D53ABC689FA}.Debug|Any CPU.ActiveCfg = Debug|Any CPU
		{DDA2D5B8-FFB6-4D3E-8101-2D53ABC689FA}.Debug|Any CPU.Build.0 = Debug|Any CPU
		{DDA2D5B8-FFB6-4D3E-8101-2D53ABC689FA}.Release|Any CPU.ActiveCfg = Release|Any CPU
		{DDA2D5B8-FFB6-4D3E-8101-2D53ABC689FA}.Release|Any CPU.Build.0 = Release|Any CPU
	EndGlobalSection
	GlobalSection(SolutionProperties) = preSolution
		HideSolutionNode = FALSE
	EndGlobalSection
	GlobalSection(ExtensibilityGlobals) = postSolution
		SolutionGuid = {EEAE3A6D-5193-469C-A5B4-F2E273D534A4}
	EndGlobalSection
EndGlobal
